<?xml version="1.0" encoding="utf-8"?>
<Project ToolsVersion="4.0" xmlns="http://schemas.microsoft.com/developer/msbuild/2003">
  <ItemGroup>
    <Filter Include="Source Files">
      <UniqueIdentifier>{4FC737F1-C7A5-4376-A066-2A32D752A2FF}</UniqueIdentifier>
      <Extensions>cpp;c;cc;cxx;def;odl;idl;hpj;bat;asm;asmx</Extensions>
    </Filter>
    <Filter Include="Header Files">
      <UniqueIdentifier>{93995380-89BD-4b04-88EB-625FBE52EBFB}</UniqueIdentifier>
      <Extensions>h;hh;hpp;hxx;hm;inl;inc;xsd</Extensions>
    </Filter>
    <Filter Include="Resource Files">
      <UniqueIdentifier>{D9D6E242-F8AF-46E4-B9FD-80ECBC20BA3E}</UniqueIdentifier>
      <Extensions>qrc;*</Extensions>
      <ParseFiles>false</ParseFiles>
    </Filter>
    <Filter Include="Form Files">
      <UniqueIdentifier>{99349809-55BA-4b9d-BF79-8FDBB0286EB3}</UniqueIdentifier>
      <Extensions>ui</Extensions>
    </Filter>
    <Filter Include="Resource Files">
      <UniqueIdentifier>{D9D6E242-F8AF-46E4-B9FD-80ECBC20BA3E}</UniqueIdentifier>
      <Extensions>qrc;*</Extensions>
      <ParseFiles>false</ParseFiles>
    </Filter>
    <Filter Include="Generated Files">
      <UniqueIdentifier>{71ED8ED8-ACB9-4CE9-BBE1-E00B30144E11}</UniqueIdentifier>
      <Extensions>moc;h;cpp</Extensions>
      <SourceControlFiles>False</SourceControlFiles>
    </Filter>
  </ItemGroup>
  <ItemGroup>
    <ClCompile Include="src\gui\widgets\traceviewer\Margin.cpp">
      <Filter>Source Files</Filter>
    </ClCompile>
    <ClCompile Include="src\gui\widgets\traceviewer\TraceViewer.cpp">
      <Filter>Source Files</Filter>
    </ClCompile>
    <ClCompile Include="src\gui\widgets\traceviewer\Viewport.cpp">
      <Filter>Source Files</Filter>
    </ClCompile>
    <ClCompile Include="src\gui\widgets\toolbox\ToolBox.cpp">
      <Filter>Source Files</Filter>
    </ClCompile>
    <ClCompile Include="src\gui\widgets\toolbox\ToolBoxItem.cpp">
      <Filter>Source Files</Filter>
    </ClCompile>
    <ClCompile Include="src\gui\widgets\toolbox\ToolBoxItemHeader.cpp">
      <Filter>Source Files</Filter>
    </ClCompile>
    <ClCompile Include="src\logic\source\SourceData.cpp">
      <Filter>Source Files</Filter>
    </ClCompile>
    <ClCompile Include="src\logic\core\TraceData.cpp">
      <Filter>Source Files</Filter>
    </ClCompile>
    <ClCompile Include="src\gui\main\SourceWidget.cpp">
      <Filter>Source Files</Filter>
    </ClCompile>
    <ClCompile Include="src\gui\main\TraceArea.cpp">
      <Filter>Source Files</Filter>
    </ClCompile>
    <ClCompile Include="src\gui\main\TraceWidget.cpp">
      <Filter>Source Files</Filter>
    </ClCompile>
    <ClCompile Include="src\gui\main\TraceWindow.cpp">
      <Filter>Source Files</Filter>
    </ClCompile>
    <ClCompile Include="src\gui\core\Application.cpp">
      <Filter>Source Files</Filter>
    </ClCompile>
    <ClCompile Include="src\main.cpp">
      <Filter>Source Files</Filter>
    </ClCompile>
    <ClCompile Include="src\gui\main\SourcePanel.cpp">
      <Filter>Source Files</Filter>
    </ClCompile>
    <ClCompile Include="src\gui\core\ActionManager.cpp">
      <Filter>Source Files</Filter>
    </ClCompile>
    <ClCompile Include="src\logic\filter\FilterData.cpp">
      <Filter>Source Files</Filter>
    </ClCompile>
    <ClCompile Include="src\gui\widgets\filtertextedit\FilterTextEdit.cpp">
      <Filter>Source Files</Filter>
    </ClCompile>
    <ClCompile Include="src\gui\core\HighlightingRule.cpp">
      <Filter>Source Files</Filter>
    </ClCompile>
    <ClCompile Include="src\gui\widgets\filtertextedit\FilterHighlighter.cpp">
      <Filter>Source Files</Filter>
    </ClCompile>
    <ClCompile Include="src\gui\main\FilterPanel.cpp">
      <Filter>Source Files</Filter>
    </ClCompile>
    <ClCompile Include="src\gui\main\FilterWidget.cpp">
      <Filter>Source Files</Filter>
    </ClCompile>
    <ClCompile Include="src\logic\filter\Filter.cpp">
      <Filter>Source Files</Filter>
    </ClCompile>
    <ClCompile Include="src\logic\filter\FilterNode.cpp">
      <Filter>Source Files</Filter>
    </ClCompile>
    <ClCompile Include="src\logic\filter\FilterNodeAnd.cpp">
      <Filter>Source Files</Filter>
    </ClCompile>
    <ClCompile Include="src\logic\filter\FilterNodeNot.cpp">
      <Filter>Source Files</Filter>
    </ClCompile>
    <ClCompile Include="src\logic\filter\FilterNodeOperand.cpp">
      <Filter>Source Files</Filter>
    </ClCompile>
    <ClCompile Include="src\logic\filter\FilterNodeOr.cpp">
      <Filter>Source Files</Filter>
    </ClCompile>
    <ClCompile Include="src\logic\filter\Postfix.cpp">
      <Filter>Source Files</Filter>
    </ClCompile>
    <ClCompile Include="src\logic\filter\Token.cpp">
      <Filter>Source Files</Filter>
    </ClCompile>
    <ClCompile Include="src\logic\filter\Scanner.cpp">
      <Filter>Source Files</Filter>
    </ClCompile>
    <ClCompile Include="src\logic\filter\FilterWorker.cpp">
      <Filter>Source Files</Filter>
    </ClCompile>
    <ClCompile Include="src\gui\tools\SearchWidget.cpp">
      <Filter>Source Files</Filter>
    </ClCompile>
    <ClCompile Include="src\gui\dialogs\FontDialog.cpp">
      <Filter>Source Files</Filter>
    </ClCompile>
    <ClCompile Include="src\gui\tools\HighlightingWidget.cpp">
      <Filter>Source Files</Filter>
    </ClCompile>
    <ClCompile Include="src\gui\core\HighlightingData.cpp">
      <Filter>Source Files</Filter>
    </ClCompile>
    <ClCompile Include="src\gui\widgets\traceviewer\TraceViewerHighlighter.cpp">
      <Filter>Source Files</Filter>
    </ClCompile>
    <ClCompile Include="src\logic\source\SourceWorker.cpp">
      <Filter>Source Files</Filter>
    </ClCompile>
    <ClCompile Include="src\logic\core\TraceWorker.cpp">
      <Filter>Source Files</Filter>
    </ClCompile>
    <ClCompile Include="src\gui\core\Configuration.cpp">
      <Filter>Source Files</Filter>
    </ClCompile>
    <ClCompile Include="src\gui\core\HighlightingGroup.cpp">
      <Filter>Source Files</Filter>
    </ClCompile>
    <ClCompile Include="src\gui\widgets\combobox\ComboBox.cpp">
      <Filter>Source Files</Filter>
    </ClCompile>
    <ClCompile Include="src\gui\widgets\combobox\ComboBoxDelegate.cpp">
      <Filter>Source Files</Filter>
    </ClCompile>
    <ClCompile Include="src\gui\widgets\list\List.cpp">
      <Filter>Source Files</Filter>
    </ClCompile>
    <ClCompile Include="src\gui\widgets\list\ItemDelegateList.cpp">
      <Filter>Source Files</Filter>
    </ClCompile>
    <ClCompile Include="src\gui\widgets\colorbutton\ColorButton.cpp">
      <Filter>Source Files</Filter>
    </ClCompile>
    <ClCompile Include="src\gui\dialogs\AboutQtDialog.cpp">
      <Filter>Source Files</Filter>
    </ClCompile>
    <ClCompile Include="src\gui\main\TracePanel.cpp">
      <Filter>Source Files</Filter>
    </ClCompile>
    <ClCompile Include="src\logic\search\SearchWorker.cpp">
      <Filter>Source Files</Filter>
    </ClCompile>
    <ClCompile Include="src\logic\search\SearchWorkerNext.cpp">
      <Filter>Source Files</Filter>
    </ClCompile>
    <ClCompile Include="src\logic\search\SearchWorkerPrevious.cpp">
      <Filter>Source Files</Filter>
    </ClCompile>
    <ClCompile Include="src\gui\core\HistoryModel.cpp">
      <Filter>Source Files</Filter>
    </ClCompile>
    <ClCompile Include="src\gui\dialogs\SearchProgressDialog.cpp">
      <Filter>Source Files</Filter>
    </ClCompile>
    <ClCompile Include="src\logic\search\SearchWorkerCount.cpp">
      <Filter>Source Files</Filter>
    </ClCompile>
    <ClCompile Include="src\gui\dialogs\AboutTraceyDialog.cpp">
      <Filter>Source Files</Filter>
    </ClCompile>
    <ClCompile Include="src\gui\command\CommandManager.cpp">
      <Filter>Source Files</Filter>
    </ClCompile>
    <ClCompile Include="src\gui\widgets\filtertextedit\CommandBackspace.cpp">
      <Filter>Source Files</Filter>
    </ClCompile>
    <ClCompile Include="src\gui\widgets\filtertextedit\CommandDelete.cpp">
      <Filter>Source Files</Filter>
    </ClCompile>
    <ClCompile Include="src\gui\widgets\filtertextedit\CommandInsert.cpp">
      <Filter>Source Files</Filter>
    </ClCompile>
    <ClCompile Include="src\gui\core\SingleAppManager.cpp">
      <Filter>Source Files</Filter>
    </ClCompile>
    <ClCompile Include="src\gui\core\ToolBarStyle.cpp">
      <Filter>Source Files</Filter>
    </ClCompile>
    <ClCompile Include="src\gui\dialogs\InputDialog.cpp">
      <Filter>Source Files</Filter>
    </ClCompile>
    <ClCompile Include="src\gui\dialogs\MessageDialog.cpp">
      <Filter>Source Files</Filter>
    </ClCompile>
    <ClCompile Include="src\gui\main\TraceWindowTabWidget.cpp">
      <Filter>Source Files</Filter>
    </ClCompile>
    <ClCompile Include="src\gui\main\IntValidator.cpp">
      <Filter>Source Files</Filter>
    </ClCompile>
    <ClCompile Include="src\gui\widgets\traceviewer\StatusBarInfo.cpp">
      <Filter>Source Files</Filter>
    </ClCompile>
    <ClCompile Include="src\logic\source\SourceWorkerCut.cpp">
      <Filter>Source Files</Filter>
    </ClCompile>
    <ClCompile Include="src\logic\source\SourceWorkerWrap.cpp">
      <Filter>Source Files</Filter>
    </ClCompile>
    <ClCompile Include="src\gui\dialogs\HelpDialog.cpp">
      <Filter>Source Files</Filter>
    </ClCompile>
    <ClCompile Include="src\gui\widgets\helpbrowser\HelpBrowser.cpp">
      <Filter>Source Files</Filter>
    </ClCompile>
    <ClCompile Include="src\gui\main\TraceTabWidget.cpp">
      <Filter>Source Files</Filter>
    </ClCompile>
    <ClCompile Include="src\gui\widgets\iconbutton\IconButton.cpp">
      <Filter>Source Files</Filter>
    </ClCompile>
    <ClCompile Include="src\logic\core\MarkData.cpp">
      <Filter>Source Files</Filter>
    </ClCompile>
    <ClCompile Include="src\gui\tools\MarkItem.cpp">
      <Filter>Source Files</Filter>
    </ClCompile>
    <ClCompile Include="src\gui\tools\MarkWidget.cpp">
      <Filter>Source Files</Filter>
    </ClCompile>
    <ClCompile Include="src\gui\widgets\tabwidget\TabBar.cpp">
      <Filter>Source Files</Filter>
    </ClCompile>
    <ClCompile Include="src\gui\widgets\tabwidget\TabItem.cpp">
      <Filter>Source Files</Filter>
    </ClCompile>
    <ClCompile Include="src\gui\widgets\tabwidget\TabWidget.cpp">
      <Filter>Source Files</Filter>
    </ClCompile>
    <ClCompile Include="src\gui\dialogs\SettingsDialog.cpp">
      <Filter>Source Files</Filter>
    </ClCompile>
    <ClCompile Include="src\gui\widgets\table\Table.cpp">
      <Filter>Source Files</Filter>
    </ClCompile>
    <ClCompile Include="src\gui\widgets\table\TableHeader.cpp">
      <Filter>Source Files</Filter>
    </ClCompile>
    <ClCompile Include="src\gui\widgets\table\TableItemDelegate.cpp">
      <Filter>Source Files</Filter>
    </ClCompile>
    <ClCompile Include="src\gui\core\TraceManager.cpp">
      <Filter>Source Files</Filter>
    </ClCompile>
    <ClCompile Include="src\Tracey.cpp">
      <Filter>Source Files</Filter>
    </ClCompile>
    <ClCompile Include="src\gui\dialogs\ShortcutDialog.cpp">
      <Filter>Source Files</Filter>
    </ClCompile>
  </ItemGroup>
  <ItemGroup>
    <QtMoc Include="src\gui\widgets\traceviewer\Margin.h">
      <Filter>Header Files</Filter>
    </QtMoc>
    <QtMoc Include="src\gui\widgets\traceviewer\TraceViewer.h">
      <Filter>Header Files</Filter>
    </QtMoc>
    <QtMoc Include="src\gui\widgets\traceviewer\Viewport.h">
      <Filter>Header Files</Filter>
    </QtMoc>
    <QtMoc Include="src\gui\widgets\toolbox\ToolBox.h">
      <Filter>Header Files</Filter>
    </QtMoc>
    <QtMoc Include="src\gui\widgets\toolbox\ToolBoxItem.h">
      <Filter>Header Files</Filter>
    </QtMoc>
    <QtMoc Include="src\gui\widgets\toolbox\ToolBoxItemHeader.h">
      <Filter>Header Files</Filter>
    </QtMoc>
    <QtMoc Include="src\logic\source\SourceData.h">
      <Filter>Header Files</Filter>
    </QtMoc>
    <QtMoc Include="src\logic\core\TraceData.h">
      <Filter>Header Files</Filter>
    </QtMoc>
    <QtMoc Include="src\gui\main\SourceWidget.h">
      <Filter>Header Files</Filter>
    </QtMoc>
    <QtMoc Include="src\gui\main\TraceArea.h">
      <Filter>Header Files</Filter>
    </QtMoc>
    <QtMoc Include="src\gui\main\TraceWidget.h">
      <Filter>Header Files</Filter>
    </QtMoc>
    <QtMoc Include="src\gui\main\TraceWindow.h">
      <Filter>Header Files</Filter>
    </QtMoc>
    <QtMoc Include="src\gui\core\Application.h">
      <Filter>Header Files</Filter>
    </QtMoc>
    <QtMoc Include="src\gui\main\SourcePanel.h">
      <Filter>Header Files</Filter>
    </QtMoc>
    <QtMoc Include="src\gui\core\ActionManager.h">
      <Filter>Header Files</Filter>
    </QtMoc>
    <QtMoc Include="src\logic\filter\FilterData.h">
      <Filter>Header Files</Filter>
    </QtMoc>
    <QtMoc Include="src\gui\main\FilterWidget.h">
      <Filter>Header Files</Filter>
    </QtMoc>
    <QtMoc Include="src\gui\main\FilterPanel.h">
      <Filter>Header Files</Filter>
    </QtMoc>
    <QtMoc Include="src\gui\widgets\filtertextedit\FilterTextEdit.h">
      <Filter>Header Files</Filter>
    </QtMoc>
    <QtMoc Include="src\gui\widgets\filtertextedit\FilterHighlighter.h">
      <Filter>Header Files</Filter>
    </QtMoc>
    <QtMoc Include="src\logic\filter\FilterNode.h">
      <Filter>Header Files</Filter>
    </QtMoc>
    <QtMoc Include="src\logic\filter\FilterNodeAnd.h">
      <Filter>Header Files</Filter>
    </QtMoc>
    <QtMoc Include="src\logic\filter\FilterNodeNot.h">
      <Filter>Header Files</Filter>
    </QtMoc>
    <QtMoc Include="src\logic\filter\FilterNodeOperand.h">
      <Filter>Header Files</Filter>
    </QtMoc>
    <QtMoc Include="src\logic\filter\FilterNodeOr.h">
      <Filter>Header Files</Filter>
    </QtMoc>
    <QtMoc Include="src\logic\filter\Postfix.h">
      <Filter>Header Files</Filter>
    </QtMoc>
    <QtMoc Include="src\logic\filter\Scanner.h">
      <Filter>Header Files</Filter>
    </QtMoc>
    <QtMoc Include="src\logic\filter\FilterWorker.h">
      <Filter>Header Files</Filter>
    </QtMoc>
    <QtMoc Include="src\gui\tools\SearchWidget.h">
      <Filter>Header Files</Filter>
    </QtMoc>
    <QtMoc Include="src\gui\dialogs\FontDialog.h">
      <Filter>Header Files</Filter>
    </QtMoc>
    <QtMoc Include="src\gui\tools\HighlightingWidget.h">
      <Filter>Header Files</Filter>
    </QtMoc>
    <QtMoc Include="src\gui\core\HighlightingData.h">
      <Filter>Header Files</Filter>
    </QtMoc>
    <QtMoc Include="src\gui\widgets\traceviewer\TraceViewerHighlighter.h">
      <Filter>Header Files</Filter>
    </QtMoc>
    <QtMoc Include="src\logic\source\SourceWorker.h">
      <Filter>Header Files</Filter>
    </QtMoc>
    <QtMoc Include="src\logic\core\TraceWorker.h">
      <Filter>Header Files</Filter>
    </QtMoc>
    <QtMoc Include="src\gui\core\Configuration.h">
      <Filter>Header Files</Filter>
    </QtMoc>
    <QtMoc Include="src\gui\widgets\combobox\ComboBox.h">
      <Filter>Header Files</Filter>
    </QtMoc>
    <QtMoc Include="src\gui\widgets\list\List.h">
      <Filter>Header Files</Filter>
    </QtMoc>
    <QtMoc Include="src\gui\widgets\list\ItemDelegateList.h">
      <Filter>Header Files</Filter>
    </QtMoc>
    <QtMoc Include="src\gui\widgets\colorbutton\ColorButton.h">
      <Filter>Header Files</Filter>
    </QtMoc>
    <QtMoc Include="src\gui\dialogs\AboutQtDialog.h">
      <Filter>Header Files</Filter>
    </QtMoc>
    <QtMoc Include="src\logic\filter\Filter.h">
      <Filter>Header Files</Filter>
    </QtMoc>
    <QtMoc Include="src\gui\main\TracePanel.h">
      <Filter>Header Files</Filter>
    </QtMoc>
    <QtMoc Include="src\logic\search\SearchWorker.h">
      <Filter>Header Files</Filter>
    </QtMoc>
    <QtMoc Include="src\logic\search\SearchWorkerNext.h">
      <Filter>Header Files</Filter>
    </QtMoc>
    <QtMoc Include="src\logic\search\SearchWorkerPrevious.h">
      <Filter>Header Files</Filter>
    </QtMoc>
    <QtMoc Include="src\gui\core\HistoryModel.h">
      <Filter>Header Files</Filter>
    </QtMoc>
    <QtMoc Include="src\gui\dialogs\SearchProgressDialog.h">
      <Filter>Header Files</Filter>
    </QtMoc>
    <QtMoc Include="src\logic\search\SearchWorkerCount.h">
      <Filter>Header Files</Filter>
    </QtMoc>
    <QtMoc Include="src\gui\dialogs\AboutTraceyDialog.h">
      <Filter>Header Files</Filter>
    </QtMoc>
    <QtMoc Include="src\gui\core\SingleAppManager.h">
      <Filter>Header Files</Filter>
    </QtMoc>
    <QtMoc Include="src\gui\core\ToolBarStyle.h">
      <Filter>Header Files</Filter>
    </QtMoc>
    <QtMoc Include="src\gui\dialogs\InputDialog.h">
      <Filter>Header Files</Filter>
    </QtMoc>
    <QtMoc Include="src\gui\dialogs\MessageDialog.h">
      <Filter>Header Files</Filter>
    </QtMoc>
    <QtMoc Include="src\gui\main\TraceWindowTabWidget.h">
      <Filter>Header Files</Filter>
    </QtMoc>
    <QtMoc Include="src\gui\widgets\traceviewer\StatusBarInfo.h">
      <Filter>Header Files</Filter>
    </QtMoc>
    <QtMoc Include="src\logic\source\SourceWorkerCut.h">
      <Filter>Header Files</Filter>
    </QtMoc>
    <QtMoc Include="src\logic\source\SourceWorkerWrap.h">
      <Filter>Header Files</Filter>
    </QtMoc>
    <QtMoc Include="src\gui\dialogs\HelpDialog.h">
      <Filter>Header Files</Filter>
    </QtMoc>
    <QtMoc Include="src\gui\widgets\iconbutton\IconButton.h">
      <Filter>Header Files</Filter>
    </QtMoc>
    <QtMoc Include="src\logic\core\MarkData.h">
      <Filter>Header Files</Filter>
    </QtMoc>
    <QtMoc Include="src\gui\tools\MarkItem.h">
      <Filter>Header Files</Filter>
    </QtMoc>
    <QtMoc Include="src\gui\tools\MarkWidget.h">
      <Filter>Header Files</Filter>
    </QtMoc>
    <QtMoc Include="src\gui\widgets\tabwidget\TabBar.h">
      <Filter>Header Files</Filter>
    </QtMoc>
    <QtMoc Include="src\gui\widgets\tabwidget\TabItem.h">
      <Filter>Header Files</Filter>
    </QtMoc>
    <QtMoc Include="src\gui\widgets\tabwidget\TabWidget.h">
      <Filter>Header Files</Filter>
    </QtMoc>
    <QtMoc Include="src\gui\dialogs\SettingsDialog.h">
      <Filter>Header Files</Filter>
    </QtMoc>
    <QtMoc Include="src\gui\widgets\table\Table.h">
      <Filter>Header Files</Filter>
    </QtMoc>
    <QtMoc Include="src\gui\widgets\table\TableHeader.h">
      <Filter>Header Files</Filter>
    </QtMoc>
    <QtMoc Include="src\gui\core\TraceManager.h">
      <Filter>Header Files</Filter>
    </QtMoc>
    <QtMoc Include="src\gui\dialogs\ShortcutDialog.h">
      <Filter>Header Files</Filter>
    </QtMoc>
  </ItemGroup>
  <ItemGroup>
    <QtRcc Include="res\Application.qrc">
      <Filter>Resource Files</Filter>
    </QtRcc>
  </ItemGroup>
  <ItemGroup>
    <None Include="res\qss\QTabWidget.qss" />
  </ItemGroup>
  <ItemGroup>
    <ClInclude Include="src\gui\core\HighlightingRule.h">
      <Filter>Header Files</Filter>
    </ClInclude>
    <ClInclude Include="src\logic\filter\Token.h">
      <Filter>Header Files</Filter>
    </ClInclude>
    <ClInclude Include="src\gui\core\HighlightingGroup.h">
      <Filter>Header Files</Filter>
    </ClInclude>
    <ClInclude Include="src\gui\widgets\combobox\ComboBoxDelegate.h">
      <Filter>Header Files</Filter>
    </ClInclude>
    <ClInclude Include="resource.h">
      <Filter>Header Files</Filter>
    </ClInclude>
    <ClInclude Include="src\gui\command\Command.h">
      <Filter>Header Files</Filter>
    </ClInclude>
    <ClInclude Include="src\gui\command\CommandManager.h">
      <Filter>Header Files</Filter>
    </ClInclude>
    <ClInclude Include="src\gui\widgets\filtertextedit\CommandBackspace.h">
      <Filter>Header Files</Filter>
    </ClInclude>
    <ClInclude Include="src\gui\widgets\filtertextedit\CommandDelete.h">
      <Filter>Header Files</Filter>
    </ClInclude>
    <ClInclude Include="src\gui\widgets\filtertextedit\CommandInsert.h">
      <Filter>Header Files</Filter>
    </ClInclude>
    <ClInclude Include="src\gui\main\IntValidator.h">
      <Filter>Header Files</Filter>
    </ClInclude>
    <ClInclude Include="src\gui\widgets\helpbrowser\HelpBrowser.h">
      <Filter>Header Files</Filter>
    </ClInclude>
    <ClInclude Include="src\gui\main\TraceTabWidget.h">
      <Filter>Header Files</Filter>
    </ClInclude>
    <ClInclude Include="src\gui\widgets\table\TableItemDelegate.h">
      <Filter>Header Files</Filter>
    </ClInclude>
    <ClInclude Include="src\Tracey.h">
      <Filter>Header Files</Filter>
    </ClInclude>
  </ItemGroup>
  <ItemGroup>
    <ResourceCompile Include="Tracey.rc" />
  </ItemGroup>
  <ItemGroup>
    <Image Include="res\img\Tracey.ico" />
  </ItemGroup>
</Project>